
Microsoft Visual Studio Solution File, Format Version 12.00
# Visual Studio 15
VisualStudioVersion = 15.0.28010.2036
MinimumVisualStudioVersion = 10.0.40219.1
Project("{FAE04EC0-301F-11D3-BF4B-00C04F79EFBC}") = "HelloWorld", "HelloWorld\HelloWorld.csproj", "{9C637D77-036F-4845-9C4A-AB143FCEFBC2}"
EndProject
Global
	GlobalSection(SolutionConfigurationPlatforms) = preSolution
		Debug|Any CPU = Debug|Any CPU
		Release|Any CPU = Release|Any CPU
	EndGlobalSection
	GlobalSection(ProjectConfigurationPlatforms) = postSolution
		{9C637D77-036F-4845-9C4A-AB143FCEFBC2}.Debug|Any CPU.ActiveCfg = Debug|Any CPU
		{9C637D77-036F-4845-9C4A-AB143FCEFBC2}.Debug|Any CPU.Build.0 = Debug|Any CPU
		{9C637D77-036F-4845-9C4A-AB143FCEFBC2}.Release|Any CPU.ActiveCfg = Release|Any CPU
		{9C637D77-036F-4845-9C4A-AB143FCEFBC2}.Release|Any CPU.Build.0 = Release|Any CPU
	EndGlobalSection
	GlobalSection(SolutionProperties) = preSolution
		HideSolutionNode = FALSE
	EndGlobalSection
	GlobalSection(ExtensibilityGlobals) = postSolution
		SolutionGuid = {6E20EE3D-CE5C-479B-8519-789C31AE681E}
	EndGlobalSection
EndGlobal
