
Microsoft Visual Studio Solution File, Format Version 12.00
# Visual Studio 15
VisualStudioVersion = 15.0.28010.2036
MinimumVisualStudioVersion = 10.0.40219.1
Project("{FAE04EC0-301F-11D3-BF4B-00C04F79EFBC}") = "Server", "Server\Server.csproj", "{61765F4A-E71F-455E-92A8-3AE4B3EA5915}"
EndProject
Global
	GlobalSection(SolutionConfigurationPlatforms) = preSolution
		Debug|Any CPU = Debug|Any CPU
		Release|Any CPU = Release|Any CPU
	EndGlobalSection
	GlobalSection(ProjectConfigurationPlatforms) = postSolution
		{61765F4A-E71F-455E-92A8-3AE4B3EA5915}.Debug|Any CPU.ActiveCfg = Debug|Any CPU
		{61765F4A-E71F-455E-92A8-3AE4B3EA5915}.Debug|Any CPU.Build.0 = Debug|Any CPU
		{61765F4A-E71F-455E-92A8-3AE4B3EA5915}.Release|Any CPU.ActiveCfg = Release|Any CPU
		{61765F4A-E71F-455E-92A8-3AE4B3EA5915}.Release|Any CPU.Build.0 = Release|Any CPU
	EndGlobalSection
	GlobalSection(SolutionProperties) = preSolution
		HideSolutionNode = FALSE
	EndGlobalSection
	GlobalSection(ExtensibilityGlobals) = postSolution
		SolutionGuid = {FC1C3D81-4035-4F78-9482-4667B2503545}
	EndGlobalSection
EndGlobal
